Microsoft Visual Studio Solution File, Format Version 12.00
# Visual Studio Version 17
VisualStudioVersion = 17.0.31903.59
MinimumVisualStudioVersion = 10.0.40219.1
Project("{FAE04EC0-301F-11D3-BF4B-00C04F79EFBC}") = "BellSprint.Core", "BellSprint.Core\BellSprint.Core.csproj", "{36CF23AA-BAA8-4A93-99B7-B7DB2916B451}"
EndProject
Project("{FAE04EC0-301F-11D3-BF4B-00C04F79EFBC}") = "BellSprint.Windows", "BellSprint.Windows\BellSprint.Windows.csproj", "{444D910C-6D0D-478C-8DFC-23C2EEAD1AE8}"
EndProject
Project("{FAE04EC0-301F-11D3-BF4B-00C04F79EFBC}") = "BellSprint.Core.Tests", "BellSprint.Core.Tests\BellSprint.Core.Tests.csproj", "{8076EB81-1458-422A-AFEC-B2AEF3A267A5}"
EndProject
Global
	GlobalSection(SolutionConfigurationPlatforms) = preSolution
		Debug|Any CPU = Debug|Any CPU
		Release|Any CPU = Release|Any CPU
	EndGlobalSection
	GlobalSection(ProjectConfigurationPlatforms) = postSolution
		{36CF23AA-BAA8-4A93-99B7-B7DB2916B451}.Debug|Any CPU.ActiveCfg = Debug|Any CPU
		{36CF23AA-BAA8-4A93-99B7-B7DB2916B451}.Debug|Any CPU.Build.0 = Debug|Any CPU
		{36CF23AA-BAA8-4A93-99B7-B7DB2916B451}.Release|Any CPU.ActiveCfg = Release|Any CPU
		{36CF23AA-BAA8-4A93-99B7-B7DB2916B451}.Release|Any CPU.Build.0 = Release|Any CPU
		{444D910C-6D0D-478C-8DFC-23C2EEAD1AE8}.Debug|Any CPU.ActiveCfg = Debug|Any CPU
		{444D910C-6D0D-478C-8DFC-23C2EEAD1AE8}.Debug|Any CPU.Build.0 = Debug|Any CPU
		{444D910C-6D0D-478C-8DFC-23C2EEAD1AE8}.Release|Any CPU.ActiveCfg = Release|Any CPU
		{444D910C-6D0D-478C-8DFC-23C2EEAD1AE8}.Release|Any CPU.Build.0 = Release|Any CPU
		{8076EB81-1458-422A-AFEC-B2AEF3A267A5}.Debug|Any CPU.ActiveCfg = Debug|Any CPU
		{8076EB81-1458-422A-AFEC-B2AEF3A267A5}.Debug|Any CPU.Build.0 = Debug|Any CPU
		{8076EB81-1458-422A-AFEC-B2AEF3A267A5}.Release|Any CPU.ActiveCfg = Release|Any CPU
		{8076EB81-1458-422A-AFEC-B2AEF3A267A5}.Release|Any CPU.Build.0 = Release|Any CPU
	EndGlobalSection
EndGlobal
